
Microsoft Visual Studio Solution File, Format Version 12.00
# Visual Studio Version 16
VisualStudioVersion = 16.0.809.0
MinimumVisualStudioVersion = 10.0.40219.1
Project("{FAE04EC0-301F-11D3-BF4B-00C04F79EFBC}") = "API", "API\API.csproj", "{6E1A2A7A-4B3E-489F-BDB8-ED3A3DD6A529}"
EndProject
Project("{FAE04EC0-301F-11D3-BF4B-00C04F79EFBC}") = "Domain", "Domain\Domain.csproj", "{2D12B24F-FE93-4B39-9F1D-3204018991E3}"
EndProject
Project("{FAE04EC0-301F-11D3-BF4B-00C04F79EFBC}") = "Application", "Application\Application.csproj", "{29C2BB8D-4910-41D9-9653-058DC7C84918}"
EndProject
Project("{FAE04EC0-301F-11D3-BF4B-00C04F79EFBC}") = "Persistence", "Persistence\Persistence.csproj", "{48BC6F0C-F363-4D31-B451-FB480B4A8631}"
EndProject
Global
	GlobalSection(SolutionConfigurationPlatforms) = preSolution
		Debug|Any CPU = Debug|Any CPU
		Release|Any CPU = Release|Any CPU
	EndGlobalSection
	GlobalSection(ProjectConfigurationPlatforms) = postSolution
		{6E1A2A7A-4B3E-489F-BDB8-ED3A3DD6A529}.Debug|Any CPU.ActiveCfg = Debug|Any CPU
		{6E1A2A7A-4B3E-489F-BDB8-ED3A3DD6A529}.Debug|Any CPU.Build.0 = Debug|Any CPU
		{6E1A2A7A-4B3E-489F-BDB8-ED3A3DD6A529}.Release|Any CPU.ActiveCfg = Release|Any CPU
		{6E1A2A7A-4B3E-489F-BDB8-ED3A3DD6A529}.Release|Any CPU.Build.0 = Release|Any CPU
		{2D12B24F-FE93-4B39-9F1D-3204018991E3}.Debug|Any CPU.ActiveCfg = Debug|Any CPU
		{2D12B24F-FE93-4B39-9F1D-3204018991E3}.Debug|Any CPU.Build.0 = Debug|Any CPU
		{2D12B24F-FE93-4B39-9F1D-3204018991E3}.Release|Any CPU.ActiveCfg = Release|Any CPU
		{2D12B24F-FE93-4B39-9F1D-3204018991E3}.Release|Any CPU.Build.0 = Release|Any CPU
		{29C2BB8D-4910-41D9-9653-058DC7C84918}.Debug|Any CPU.ActiveCfg = Debug|Any CPU
		{29C2BB8D-4910-41D9-9653-058DC7C84918}.Debug|Any CPU.Build.0 = Debug|Any CPU
		{29C2BB8D-4910-41D9-9653-058DC7C84918}.Release|Any CPU.ActiveCfg = Release|Any CPU
		{29C2BB8D-4910-41D9-9653-058DC7C84918}.Release|Any CPU.Build.0 = Release|Any CPU
		{48BC6F0C-F363-4D31-B451-FB480B4A8631}.Debug|Any CPU.ActiveCfg = Debug|Any CPU
		{48BC6F0C-F363-4D31-B451-FB480B4A8631}.Debug|Any CPU.Build.0 = Debug|Any CPU
		{48BC6F0C-F363-4D31-B451-FB480B4A8631}.Release|Any CPU.ActiveCfg = Release|Any CPU
		{48BC6F0C-F363-4D31-B451-FB480B4A8631}.Release|Any CPU.Build.0 = Release|Any CPU
	EndGlobalSection
	GlobalSection(SolutionProperties) = preSolution
		HideSolutionNode = FALSE
	EndGlobalSection
	GlobalSection(ExtensibilityGlobals) = postSolution
		SolutionGuid = {5793B7C1-2144-4730-B025-2F66EBBD353D}
	EndGlobalSection
EndGlobal
